
Microsoft Visual Studio Solution File, Format Version 12.00
# Visual Studio 15
VisualStudioVersion = 15.0.26124.0
MinimumVisualStudioVersion = 15.0.26124.0
Project("{FAE04EC0-301F-11D3-BF4B-00C04F79EFBC}") = "Todo.Domain", "Todo.Domain\Todo.Domain.csproj", "{53E711E3-22B9-4DE0-8D9D-863F8E3C3E15}"
EndProject
Project("{FAE04EC0-301F-11D3-BF4B-00C04F79EFBC}") = "Todo.Domain.Api", "Todo.Domain.Api\Todo.Domain.Api.csproj", "{EE08EDDC-BB54-4ADF-91BC-A46482AEBC04}"
EndProject
Project("{FAE04EC0-301F-11D3-BF4B-00C04F79EFBC}") = "Todo.Domain.Tests", "Todo.Domain.Tests\Todo.Domain.Tests.csproj", "{9405B4F4-CB70-426F-AD1E-C7160AE03820}"
EndProject
Project("{FAE04EC0-301F-11D3-BF4B-00C04F79EFBC}") = "Todo.Domain.Infra", "Todo.Domain.Infra\Todo.Domain.Infra.csproj", "{EC5D49D2-1493-48D2-9328-A1FFB73A0820}"
EndProject
Global
	GlobalSection(SolutionConfigurationPlatforms) = preSolution
		Debug|Any CPU = Debug|Any CPU
		Debug|x64 = Debug|x64
		Debug|x86 = Debug|x86
		Release|Any CPU = Release|Any CPU
		Release|x64 = Release|x64
		Release|x86 = Release|x86
	EndGlobalSection
	GlobalSection(SolutionProperties) = preSolution
		HideSolutionNode = FALSE
	EndGlobalSection
	GlobalSection(ProjectConfigurationPlatforms) = postSolution
		{53E711E3-22B9-4DE0-8D9D-863F8E3C3E15}.Debug|Any CPU.ActiveCfg = Debug|Any CPU
		{53E711E3-22B9-4DE0-8D9D-863F8E3C3E15}.Debug|Any CPU.Build.0 = Debug|Any CPU
		{53E711E3-22B9-4DE0-8D9D-863F8E3C3E15}.Debug|x64.ActiveCfg = Debug|Any CPU
		{53E711E3-22B9-4DE0-8D9D-863F8E3C3E15}.Debug|x64.Build.0 = Debug|Any CPU
		{53E711E3-22B9-4DE0-8D9D-863F8E3C3E15}.Debug|x86.ActiveCfg = Debug|Any CPU
		{53E711E3-22B9-4DE0-8D9D-863F8E3C3E15}.Debug|x86.Build.0 = Debug|Any CPU
		{53E711E3-22B9-4DE0-8D9D-863F8E3C3E15}.Release|Any CPU.ActiveCfg = Release|Any CPU
		{53E711E3-22B9-4DE0-8D9D-863F8E3C3E15}.Release|Any CPU.Build.0 = Release|Any CPU
		{53E711E3-22B9-4DE0-8D9D-863F8E3C3E15}.Release|x64.ActiveCfg = Release|Any CPU
		{53E711E3-22B9-4DE0-8D9D-863F8E3C3E15}.Release|x64.Build.0 = Release|Any CPU
		{53E711E3-22B9-4DE0-8D9D-863F8E3C3E15}.Release|x86.ActiveCfg = Release|Any CPU
		{53E711E3-22B9-4DE0-8D9D-863F8E3C3E15}.Release|x86.Build.0 = Release|Any CPU
		{EE08EDDC-BB54-4ADF-91BC-A46482AEBC04}.Debug|Any CPU.ActiveCfg = Debug|Any CPU
		{EE08EDDC-BB54-4ADF-91BC-A46482AEBC04}.Debug|Any CPU.Build.0 = Debug|Any CPU
		{EE08EDDC-BB54-4ADF-91BC-A46482AEBC04}.Debug|x64.ActiveCfg = Debug|Any CPU
		{EE08EDDC-BB54-4ADF-91BC-A46482AEBC04}.Debug|x64.Build.0 = Debug|Any CPU
		{EE08EDDC-BB54-4ADF-91BC-A46482AEBC04}.Debug|x86.ActiveCfg = Debug|Any CPU
		{EE08EDDC-BB54-4ADF-91BC-A46482AEBC04}.Debug|x86.Build.0 = Debug|Any CPU
		{EE08EDDC-BB54-4ADF-91BC-A46482AEBC04}.Release|Any CPU.ActiveCfg = Release|Any CPU
		{EE08EDDC-BB54-4ADF-91BC-A46482AEBC04}.Release|Any CPU.Build.0 = Release|Any CPU
		{EE08EDDC-BB54-4ADF-91BC-A46482AEBC04}.Release|x64.ActiveCfg = Release|Any CPU
		{EE08EDDC-BB54-4ADF-91BC-A46482AEBC04}.Release|x64.Build.0 = Release|Any CPU
		{EE08EDDC-BB54-4ADF-91BC-A46482AEBC04}.Release|x86.ActiveCfg = Release|Any CPU
		{EE08EDDC-BB54-4ADF-91BC-A46482AEBC04}.Release|x86.Build.0 = Release|Any CPU
		{9405B4F4-CB70-426F-AD1E-C7160AE03820}.Debug|Any CPU.ActiveCfg = Debug|Any CPU
		{9405B4F4-CB70-426F-AD1E-C7160AE03820}.Debug|Any CPU.Build.0 = Debug|Any CPU
		{9405B4F4-CB70-426F-AD1E-C7160AE03820}.Debug|x64.ActiveCfg = Debug|Any CPU
		{9405B4F4-CB70-426F-AD1E-C7160AE03820}.Debug|x64.Build.0 = Debug|Any CPU
		{9405B4F4-CB70-426F-AD1E-C7160AE03820}.Debug|x86.ActiveCfg = Debug|Any CPU
		{9405B4F4-CB70-426F-AD1E-C7160AE03820}.Debug|x86.Build.0 = Debug|Any CPU
		{9405B4F4-CB70-426F-AD1E-C7160AE03820}.Release|Any CPU.ActiveCfg = Release|Any CPU
		{9405B4F4-CB70-426F-AD1E-C7160AE03820}.Release|Any CPU.Build.0 = Release|Any CPU
		{9405B4F4-CB70-426F-AD1E-C7160AE03820}.Release|x64.ActiveCfg = Release|Any CPU
		{9405B4F4-CB70-426F-AD1E-C7160AE03820}.Release|x64.Build.0 = Release|Any CPU
		{9405B4F4-CB70-426F-AD1E-C7160AE03820}.Release|x86.ActiveCfg = Release|Any CPU
		{9405B4F4-CB70-426F-AD1E-C7160AE03820}.Release|x86.Build.0 = Release|Any CPU
		{EC5D49D2-1493-48D2-9328-A1FFB73A0820}.Debug|Any CPU.ActiveCfg = Debug|Any CPU
		{EC5D49D2-1493-48D2-9328-A1FFB73A0820}.Debug|Any CPU.Build.0 = Debug|Any CPU
		{EC5D49D2-1493-48D2-9328-A1FFB73A0820}.Debug|x64.ActiveCfg = Debug|Any CPU
		{EC5D49D2-1493-48D2-9328-A1FFB73A0820}.Debug|x64.Build.0 = Debug|Any CPU
		{EC5D49D2-1493-48D2-9328-A1FFB73A0820}.Debug|x86.ActiveCfg = Debug|Any CPU
		{EC5D49D2-1493-48D2-9328-A1FFB73A0820}.Debug|x86.Build.0 = Debug|Any CPU
		{EC5D49D2-1493-48D2-9328-A1FFB73A0820}.Release|Any CPU.ActiveCfg = Release|Any CPU
		{EC5D49D2-1493-48D2-9328-A1FFB73A0820}.Release|Any CPU.Build.0 = Release|Any CPU
		{EC5D49D2-1493-48D2-9328-A1FFB73A0820}.Release|x64.ActiveCfg = Release|Any CPU
		{EC5D49D2-1493-48D2-9328-A1FFB73A0820}.Release|x64.Build.0 = Release|Any CPU
		{EC5D49D2-1493-48D2-9328-A1FFB73A0820}.Release|x86.ActiveCfg = Release|Any CPU
		{EC5D49D2-1493-48D2-9328-A1FFB73A0820}.Release|x86.Build.0 = Release|Any CPU
	EndGlobalSection
EndGlobal
